// !$*UTF8*$!
{
	archiveVersion = 1;
	classes = {
	};
	objectVersion = 46;
	objects = {

/* Begin PBXBuildFile section */
		8C3A60AD1DDBCE0C007B2960 /* AppDelegate.swift in Sources */ = {isa = PBXBuildFile; fileRef = 8C3A60AC1DDBCE0C007B2960 /* AppDelegate.swift */; };
		8C3A60AF1DDBCE0C007B2960 /* ViewController.swift in Sources */ = {isa = PBXBuildFile; fileRef = 8C3A60AE1DDBCE0C007B2960 /* ViewController.swift */; };
		8C3A60B21DDBCE0C007B2960 /* Main.storyboard in Resources */ = {isa = PBXBuildFile; fileRef = 8C3A60B01DDBCE0C007B2960 /* Main.storyboard */; };
		8C3A60B41DDBCE0C007B2960 /* Assets.xcassets in Resources */ = {isa = PBXBuildFile; fileRef = 8C3A60B31DDBCE0C007B2960 /* Assets.xcassets */; };
		8C3A60B71DDBCE0C007B2960 /* LaunchScreen.storyboard in Resources */ = {isa = PBXBuildFile; fileRef = 8C3A60B51DDBCE0C007B2960 /* LaunchScreen.storyboard */; };
/* End PBXBuildFile section */

/* Begin PBXFileReference section */
		8C3A60A91DDBCE0C007B2960 /* Signos.app */ = {isa = PBXFileReference; explicitFileType = wrapper.application; includeInIndex = 0; path = Signos.app; sourceTree = BUILT_PRODUCTS_DIR; };
		8C3A60AC1DDBCE0C007B2960 /* AppDelegate.swift */ = {isa = PBXFileReference; lastKnownFileType = sourcecode.swift; path = AppDelegate.swift; sourceTree = "<group>"; };
		8C3A60AE1DDBCE0C007B2960 /* ViewController.swift */ = {isa = PBXFileReference; lastKnownFileType = sourcecode.swift; path = ViewController.swift; sourceTree = "<group>"; };
		8C3A60B11DDBCE0C007B2960 /* Base */ = {isa = PBXFileReference; lastKnownFileType = file.storyboard; name = Base; path = Base.lproj/Main.storyboard; sourceTree = "<group>"; };
		8C3A60B31DDBCE0C007B2960 /* Assets.xcassets */ = {isa = PBXFileReference; lastKnownFileType = folder.assetcatalog; path = Assets.xcassets; sourceTree = "<group>"; };
		8C3A60B61DDBCE0C007B2960 /* Base */ = {isa = PBXFileReference; lastKnownFileType = file.storyboard; name = Base; path = Base.lproj/LaunchScreen.storyboard; sourceTree = "<group>"; };
		8C3A60B81DDBCE0C007B2960 /* Info.plist */ = {isa = PBXFileReference; lastKnownFileType = text.plist.xml; path = Info.plist; sourceTree = "<group>"; };
/* End PBXFileReference section */

/* Begin PBXFrameworksBuildPhase section */
		8C3A60A61DDBCE0C007B2960 /* Frameworks */ = {
			isa = PBXFrameworksBuildPhase;
			buildActionMask = 2147483647;
			files = (
			);
			runOnlyForDeploymentPostprocessing = 0;
		};
/* End PBXFrameworksBuildPhase section */

/* Begin PBXGroup section */
		8C3A60A01DDBCE0C007B2960 = {
			isa = PBXGroup;
			children = (
				8C3A60AB1DDBCE0C007B2960 /* Signos */,
				8C3A60AA1DDBCE0C007B2960 /* Products */,
			);
			sourceTree = "<group>";
		};
		8C3A60AA1DDBCE0C007B2960 /* Products */ = {
			isa = PBXGroup;
			children = (
				8C3A60A91DDBCE0C007B2960 /* Signos.app */,
			);
			name = Products;
			sourceTree = "<group>";
		};
		8C3A60AB1DDBCE0C007B2960 /* Signos */ = {
			isa = PBXGroup;
			children = (
				8C3A60AC1DDBCE0C007B2960 /* AppDelegate.swift */,
				8C3A60AE1DDBCE0C007B2960 /* ViewController.swift */,
				8C3A60B01DDBCE0C007B2960 /* Main.storyboard */,
				8C3A60B31DDBCE0C007B2960 /* Assets.xcassets */,
				8C3A60B51DDBCE0C007B2960 /* LaunchScreen.storyboard */,
				8C3A60B81DDBCE0C007B2960 /* Info.plist */,
			);
			path = Signos;
			sourceTree = "<group>";
		};
/* End PBXGroup section */

/* Begin PBXNativeTarget section */
		8C3A60A81DDBCE0C007B2960 /* Signos */ = {
			isa = PBXNativeTarget;
			buildConfigurationList = 8C3A60BB1DDBCE0C007B2960 /* Build configuration list for PBXNativeTarget "Signos" */;
			buildPhases = (
				8C3A60A51DDBCE0C007B2960 /* Sources */,
				8C3A60A61DDBCE0C007B2960 /* Frameworks */,
				8C3A60A71DDBCE0C007B2960 /* Resources */,
			);
			buildRules = (
			);
			dependencies = (
			);
			name = Signos;
			productName = Signos;
			productReference = 8C3A60A91DDBCE0C007B2960 /* Signos.app */;
			productType = "com.apple.product-type.application";
		};
/* End PBXNativeTarget section */

/* Begin PBXProject section */
		8C3A60A11DDBCE0C007B2960 /* Project object */ = {
			isa = PBXProject;
			attributes = {
				LastSwiftUpdateCheck = 0810;
				LastUpgradeCheck = 0810;
				ORGANIZATIONNAME = "Nubio Knupp";
				TargetAttributes = {
					8C3A60A81DDBCE0C007B2960 = {
						CreatedOnToolsVersion = 8.1;
						ProvisioningStyle = Automatic;
					};
				};
			};
			buildConfigurationList = 8C3A60A41DDBCE0C007B2960 /* Build configuration list for PBXProject "Signos" */;
			compatibilityVersion = "Xcode 3.2";
			developmentRegion = English;
			hasScannedForEncodings = 0;
			knownRegions = (
				en,
				Base,
			);
			mainGroup = 8C3A60A01DDBCE0C007B2960;
			productRefGroup = 8C3A60AA1DDBCE0C007B2960 /* Products */;
			projectDirPath = "";
			projectRoot = "";
			targets = (
				8C3A60A81DDBCE0C007B2960 /* Signos */,
			);
		};
/* End PBXProject section */

/* Begin PBXResourcesBuildPhase section */
		8C3A60A71DDBCE0C007B2960 /* Resources */ = {
			isa = PBXResourcesBuildPhase;
			buildActionMask = 2147483647;
			files = (
				8C3A60B71DDBCE0C007B2960 /* LaunchScreen.storyboard in Resources */,
				8C3A60B41DDBCE0C007B2960 /* Assets.xcassets in Resources */,
				8C3A60B21DDBCE0C007B2960 /* Main.storyboard in Resources */,
			);
			runOnlyForDeploymentPostprocessing = 0;
		};
/* End PBXResourcesBuildPhase section */

/* Begin PBXSourcesBuildPhase section */
		8C3A60A51DDBCE0C007B2960 /* Sources */ = {
			isa = PBXSourcesBuildPhase;
			buildActionMask = 2147483647;
			files = (
				8C3A60AF1DDBCE0C007B2960 /* ViewController.swift in Sources */,
				8C3A60AD1DDBCE0C007B2960 /* AppDelegate.swift in Sources */,
			);
			runOnlyForDeploymentPostprocessing = 0;
		};
/* End PBXSourcesBuildPhase section */

/* Begin PBXVariantGroup section */
		8C3A60B01DDBCE0C007B2960 /* Main.storyboard */ = {
			isa = PBXVariantGroup;
			children = (
				8C3A60B11DDBCE0C007B2960 /* Base */,
			);
			name = Main.storyboard;
			sourceTree = "<group>";
		};
		8C3A60B51DDBCE0C007B2960 /* LaunchScreen.storyboard */ = {
			isa = PBXVariantGroup;
			children = (
				8C3A60B61DDBCE0C007B2960 /* Base */,
			);
			name = LaunchScreen.storyboard;
			sourceTree = "<group>";
		};
/* End PBXVariantGroup section */

/* Begin XCBuildConfiguration section */
		8C3A60B91DDBCE0C007B2960 /* Debug */ = {
			isa = XCBuildConfiguration;
			buildSettings = {
				ALWAYS_SEARCH_USER_PATHS = NO;
				CLANG_ANALYZER_NONNULL = YES;
				CLANG_CXX_LANGUAGE_STANDARD = "gnu++0x";
				CLANG_CXX_LIBRARY = "libc++";
				CLANG_ENABLE_MODULES = YES;
				CLANG_ENABLE_OBJC_ARC = YES;
				CLANG_WARN_BOOL_CONVERSION = YES;
				CLANG_WARN_CONSTANT_CONVERSION = YES;
				CLANG_WARN_DIRECT_OBJC_ISA_USAGE = YES_ERROR;
				CLANG_WARN_DOCUMENTATION_COMMENTS = YES;
				CLANG_WARN_EMPTY_BODY = YES;
				CLANG_WARN_ENUM_CONVERSION = YES;
				CLANG_WARN_INFINITE_RECURSION = YES;
				CLANG_WARN_INT_CONVERSION = YES;
				CLANG_WARN_OBJC_ROOT_CLASS = YES_ERROR;
				CLANG_WARN_SUSPICIOUS_MOVES = YES;
				CLANG_WARN_UNREACHABLE_CODE = YES;
				CLANG_WARN__DUPLICATE_METHOD_MATCH = YES;
				"CODE_SIGN_IDENTITY[sdk=iphoneos*]" = "iPhone Developer";
				COPY_PHASE_STRIP = NO;
				DEBUG_INFORMATION_FORMAT = dwarf;
				ENABLE_STRICT_OBJC_MSGSEND = YES;
				ENABLE_TESTABILITY = YES;
				GCC_C_LANGUAGE_STANDARD = gnu99;
				GCC_DYNAMIC_NO_PIC = NO;
				GCC_NO_COMMON_BLOCKS = YES;
				GCC_OPTIMIZATION_LEVEL = 0;
				GCC_PREPROCESSOR_DEFINITIONS = (
					"DEBUG=1",
					"$(inherited)",
				);
				GCC_WARN_64_TO_32_BIT_CONVERSION = YES;
				GCC_WARN_ABOUT_RETURN_TYPE = YES_ERROR;
				GCC_WARN_UNDECLARED_SELECTOR = YES;
				GCC_WARN_UNINITIALIZED_AUTOS = YES_AGGRESSIVE;
				GCC_WARN_UNUSED_FUNCTION = YES;
				GCC_WARN_UNUSED_VARIABLE = YES;
				IPHONEOS_DEPLOYMENT_TARGET = 10.1;
				MTL_ENABLE_DEBUG_INFO = YES;
				ONLY_ACTIVE_ARCH = YES;
				SDKROOT = iphoneos;
				SWIFT_ACTIVE_COMPILATION_CONDITIONS = DEBUG;
				SWIFT_OPTIMIZATION_LEVEL = "-Onone";
			};
			name = Debug;
		};
		8C3A60BA1DDBCE0C007B2960 /* Release */ = {
			isa = XCBuildConfiguration;
			buildSettings = {
				ALWAYS_SEARCH_USER_PATHS = NO;
				CLANG_ANALYZER_NONNULL = YES;
				CLANG_CXX_LANGUAGE_STANDARD = "gnu++0x";
				CLANG_CXX_LIBRARY = "libc++";
				CLANG_ENABLE_MODULES = YES;
				CLANG_ENABLE_OBJC_ARC = YES;
				CLANG_WARN_BOOL_CONVERSION = YES;
				CLANG_WARN_CONSTANT_CONVERSION = YES;
				CLANG_WARN_DIRECT_OBJC_ISA_USAGE = YES_ERROR;
				CLANG_WARN_DOCUMENTATION_COMMENTS = YES;
				CLANG_WARN_EMPTY_BODY = YES;
				CLANG_WARN_ENUM_CONVERSION = YES;
				CLANG_WARN_INFINITE_RECURSION = YES;
				CLANG_WARN_INT_CONVERSION = YES;
				CLANG_WARN_OBJC_ROOT_CLASS = YES_ERROR;
				CLANG_WARN_SUSPICIOUS_MOVES = YES;
				CLANG_WARN_UNREACHABLE_CODE = YES;
				CLANG_WARN__DUPLICATE_METHOD_MATCH = YES;
				"CODE_SIGN_IDENTITY[sdk=iphoneos*]" = "iPhone Developer";
				COPY_PHASE_STRIP = NO;
				DEBUG_INFORMATION_FORMAT = "dwarf-with-dsym";
				ENABLE_NS_ASSERTIONS = NO;
				ENABLE_STRICT_OBJC_MSGSEND = YES;
				GCC_C_LANGUAGE_STANDARD = gnu99;
				GCC_NO_COMMON_BLOCKS = YES;
				GCC_WARN_64_TO_32_BIT_CONVERSION = YES;
				GCC_WARN_ABOUT_RETURN_TYPE = YES_ERROR;
				GCC_WARN_UNDECLARED_SELECTOR = YES;
				GCC_WARN_UNINITIALIZED_AUTOS = YES_AGGRESSIVE;
				GCC_WARN_UNUSED_FUNCTION = YES;
				GCC_WARN_UNUSED_VARIABLE = YES;
				IPHONEOS_DEPLOYMENT_TARGET = 10.1;
				MTL_ENABLE_DEBUG_INFO = NO;
				SDKROOT = iphoneos;
				SWIFT_OPTIMIZATION_LEVEL = "-Owholemodule";
				VALIDATE_PRODUCT = YES;
			};
			name = Release;
		};
		8C3A60BC1DDBCE0C007B2960 /* Debug */ = {
			isa = XCBuildConfiguration;
			buildSettings = {
				ASSETCATALOG_COMPILER_APPICON_NAME = AppIcon;
				INFOPLIST_FILE = Signos/Info.plist;
				LD_RUNPATH_SEARCH_PATHS = "$(inherited) @executable_path/Frameworks";
				PRODUCT_BUNDLE_IDENTIFIER = com.knupp.Signos;
				PRODUCT_NAME = "$(TARGET_NAME)";
				SWIFT_VERSION = 3.0;
			};
			name = Debug;
		};
		8C3A60BD1DDBCE0C007B2960 /* Release */ = {
			isa = XCBuildConfiguration;
			buildSettings = {
				ASSETCATALOG_COMPILER_APPICON_NAME = AppIcon;
				INFOPLIST_FILE = Signos/Info.plist;
				LD_RUNPATH_SEARCH_PATHS = "$(inherited) @executable_path/Frameworks";
				PRODUCT_BUNDLE_IDENTIFIER = com.knupp.Signos;
				PRODUCT_NAME = "$(TARGET_NAME)";
				SWIFT_VERSION = 3.0;
			};
			name = Release;
		};
/* End XCBuildConfiguration section */

/* Begin XCConfigurationList section */
		8C3A60A41DDBCE0C007B2960 /* Build configuration list for PBXProject "Signos" */ = {
			isa = XCConfigurationList;
			buildConfigurations = (
				8C3A60B91DDBCE0C007B2960 /* Debug */,
				8C3A60BA1DDBCE0C007B2960 /* Release */,
			);
			defaultConfigurationIsVisible = 0;
			defaultConfigurationName = Release;
		};
		8C3A60BB1DDBCE0C007B2960 /* Build configuration list for PBXNativeTarget "Signos" */ = {
			isa = XCConfigurationList;
			buildConfigurations = (
				8C3A60BC1DDBCE0C007B2960 /* Debug */,
				8C3A60BD1DDBCE0C007B2960 /* Release */,
			);
			defaultConfigurationIsVisible = 0;
		};
/* End XCConfigurationList section */
	};
	rootObject = 8C3A60A11DDBCE0C007B2960 /* Project object */;
}
